// !$*UTF8*$!
{
	archiveVersion = 1;
	classes = {
	};
	objectVersion = 50;
	objects = {

/* Begin PBXBuildFile section */
		6DB56AEB21392C65004A0655 /* WeakReferenceTests.swift in Sources */ = {isa = PBXBuildFile; fileRef = 6DB56AEA21392C65004A0655 /* WeakReferenceTests.swift */; };
		6DB56AED21392E3B004A0655 /* UnownedReferenceTests.swift in Sources */ = {isa = PBXBuildFile; fileRef = 6DB56AEC21392E3B004A0655 /* UnownedReferenceTests.swift */; };
		6DD30BD7213A439100016DEC /* ContainerSample.storyboard in Resources */ = {isa = PBXBuildFile; fileRef = 6DD30BD6213A439100016DEC /* ContainerSample.storyboard */; };
		6DD30BD9213A43C400016DEC /* ParentViewController.swift in Sources */ = {isa = PBXBuildFile; fileRef = 6DD30BD8213A43C400016DEC /* ParentViewController.swift */; };
		6DD30BDB213A442B00016DEC /* ChildViewController.swift in Sources */ = {isa = PBXBuildFile; fileRef = 6DD30BDA213A442B00016DEC /* ChildViewController.swift */; };
		6DE60E65213666F400E077E9 /* AppDelegate.swift in Sources */ = {isa = PBXBuildFile; fileRef = 6DE60E64213666F400E077E9 /* AppDelegate.swift */; };
		6DE60E6C213666F500E077E9 /* Assets.xcassets in Resources */ = {isa = PBXBuildFile; fileRef = 6DE60E6B213666F500E077E9 /* Assets.xcassets */; };
		6DE60E832136671300E077E9 /* ReferenceType.swift in Sources */ = {isa = PBXBuildFile; fileRef = 6DE60E762136671200E077E9 /* ReferenceType.swift */; };
		6DE60E842136671300E077E9 /* StrongViewController.swift in Sources */ = {isa = PBXBuildFile; fileRef = 6DE60E782136671300E077E9 /* StrongViewController.swift */; };
		6DE60E852136671300E077E9 /* CrashViewController.swift in Sources */ = {isa = PBXBuildFile; fileRef = 6DE60E792136671300E077E9 /* CrashViewController.swift */; };
		6DE60E872136671300E077E9 /* URLSessionClient.swift in Sources */ = {isa = PBXBuildFile; fileRef = 6DE60E7C2136671300E077E9 /* URLSessionClient.swift */; };
		6DE60E882136671300E077E9 /* Response.swift in Sources */ = {isa = PBXBuildFile; fileRef = 6DE60E7D2136671300E077E9 /* Response.swift */; };
		6DE60E892136671300E077E9 /* LaunchScreen.storyboard in Resources */ = {isa = PBXBuildFile; fileRef = 6DE60E7F2136671300E077E9 /* LaunchScreen.storyboard */; };
		6DE60E8A2136671300E077E9 /* Main.storyboard in Resources */ = {isa = PBXBuildFile; fileRef = 6DE60E812136671300E077E9 /* Main.storyboard */; };
/* End PBXBuildFile section */

/* Begin PBXContainerItemProxy section */
		6DB56AE521392BAC004A0655 /* PBXContainerItemProxy */ = {
			isa = PBXContainerItemProxy;
			containerPortal = 6DE60E59213666F400E077E9 /* Project object */;
			proxyType = 1;
			remoteGlobalIDString = 6DE60E60213666F400E077E9;
			remoteInfo = iOSDC2018Sample;
		};
/* End PBXContainerItemProxy section */

/* Begin PBXFileReference section */
		6DB56AE021392BAB004A0655 /* iOSDC2018SampleUITests.xctest */ = {isa = PBXFileReference; explicitFileType = wrapper.cfbundle; includeInIndex = 0; path = iOSDC2018SampleUITests.xctest; sourceTree = BUILT_PRODUCTS_DIR; };
		6DB56AE421392BAC004A0655 /* Info.plist */ = {isa = PBXFileReference; lastKnownFileType = text.plist.xml; path = Info.plist; sourceTree = "<group>"; };
		6DB56AEA21392C65004A0655 /* WeakReferenceTests.swift */ = {isa = PBXFileReference; lastKnownFileType = sourcecode.swift; path = WeakReferenceTests.swift; sourceTree = "<group>"; };
		6DB56AEC21392E3B004A0655 /* UnownedReferenceTests.swift */ = {isa = PBXFileReference; lastKnownFileType = sourcecode.swift; path = UnownedReferenceTests.swift; sourceTree = "<group>"; };
		6DD30BD6213A439100016DEC /* ContainerSample.storyboard */ = {isa = PBXFileReference; lastKnownFileType = file.storyboard; path = ContainerSample.storyboard; sourceTree = "<group>"; };
		6DD30BD8213A43C400016DEC /* ParentViewController.swift */ = {isa = PBXFileReference; lastKnownFileType = sourcecode.swift; path = ParentViewController.swift; sourceTree = "<group>"; };
		6DD30BDA213A442B00016DEC /* ChildViewController.swift */ = {isa = PBXFileReference; lastKnownFileType = sourcecode.swift; path = ChildViewController.swift; sourceTree = "<group>"; };
		6DE60E61213666F400E077E9 /* iOSDC2018Sample.app */ = {isa = PBXFileReference; explicitFileType = wrapper.application; includeInIndex = 0; path = iOSDC2018Sample.app; sourceTree = BUILT_PRODUCTS_DIR; };
		6DE60E64213666F400E077E9 /* AppDelegate.swift */ = {isa = PBXFileReference; lastKnownFileType = sourcecode.swift; path = AppDelegate.swift; sourceTree = "<group>"; };
		6DE60E6B213666F500E077E9 /* Assets.xcassets */ = {isa = PBXFileReference; lastKnownFileType = folder.assetcatalog; path = Assets.xcassets; sourceTree = "<group>"; };
		6DE60E70213666F500E077E9 /* Info.plist */ = {isa = PBXFileReference; lastKnownFileType = text.plist.xml; path = Info.plist; sourceTree = "<group>"; };
		6DE60E762136671200E077E9 /* ReferenceType.swift */ = {isa = PBXFileReference; fileEncoding = 4; lastKnownFileType = sourcecode.swift; path = ReferenceType.swift; sourceTree = "<group>"; };
		6DE60E782136671300E077E9 /* StrongViewController.swift */ = {isa = PBXFileReference; fileEncoding = 4; lastKnownFileType = sourcecode.swift; path = StrongViewController.swift; sourceTree = "<group>"; };
		6DE60E792136671300E077E9 /* CrashViewController.swift */ = {isa = PBXFileReference; fileEncoding = 4; lastKnownFileType = sourcecode.swift; path = CrashViewController.swift; sourceTree = "<group>"; };
		6DE60E7C2136671300E077E9 /* URLSessionClient.swift */ = {isa = PBXFileReference; fileEncoding = 4; lastKnownFileType = sourcecode.swift; path = URLSessionClient.swift; sourceTree = "<group>"; };
		6DE60E7D2136671300E077E9 /* Response.swift */ = {isa = PBXFileReference; fileEncoding = 4; lastKnownFileType = sourcecode.swift; path = Response.swift; sourceTree = "<group>"; };
		6DE60E802136671300E077E9 /* Base */ = {isa = PBXFileReference; lastKnownFileType = file.storyboard; name = Base; path = Base.lproj/LaunchScreen.storyboard; sourceTree = "<group>"; };
		6DE60E822136671300E077E9 /* Base */ = {isa = PBXFileReference; lastKnownFileType = file.storyboard; name = Base; path = Base.lproj/Main.storyboard; sourceTree = "<group>"; };
/* End PBXFileReference section */

/* Begin PBXFrameworksBuildPhase section */
		6DB56ADD21392BAB004A0655 /* Frameworks */ = {
			isa = PBXFrameworksBuildPhase;
			buildActionMask = 2147483647;
			files = (
			);
			runOnlyForDeploymentPostprocessing = 0;
		};
		6DE60E5E213666F400E077E9 /* Frameworks */ = {
			isa = PBXFrameworksBuildPhase;
			buildActionMask = 2147483647;
			files = (
			);
			runOnlyForDeploymentPostprocessing = 0;
		};
/* End PBXFrameworksBuildPhase section */

/* Begin PBXGroup section */
		6DB56AE121392BAB004A0655 /* iOSDC2018SampleUITests */ = {
			isa = PBXGroup;
			children = (
				6DB56AE421392BAC004A0655 /* Info.plist */,
				6DB56AEC21392E3B004A0655 /* UnownedReferenceTests.swift */,
				6DB56AEA21392C65004A0655 /* WeakReferenceTests.swift */,
			);
			path = iOSDC2018SampleUITests;
			sourceTree = "<group>";
		};
		6DD30BD4213A435C00016DEC /* Main */ = {
			isa = PBXGroup;
			children = (
				6DE60E792136671300E077E9 /* CrashViewController.swift */,
				6DE60E782136671300E077E9 /* StrongViewController.swift */,
			);
			path = Main;
			sourceTree = "<group>";
		};
		6DD30BD5213A436400016DEC /* ContainerSample */ = {
			isa = PBXGroup;
			children = (
				6DD30BD8213A43C400016DEC /* ParentViewController.swift */,
				6DD30BDA213A442B00016DEC /* ChildViewController.swift */,
			);
			path = ContainerSample;
			sourceTree = "<group>";
		};
		6DE60E58213666F400E077E9 = {
			isa = PBXGroup;
			children = (
				6DE60E63213666F400E077E9 /* iOSDC2018Sample */,
				6DB56AE121392BAB004A0655 /* iOSDC2018SampleUITests */,
				6DE60E62213666F400E077E9 /* Products */,
			);
			sourceTree = "<group>";
		};
		6DE60E62213666F400E077E9 /* Products */ = {
			isa = PBXGroup;
			children = (
				6DE60E61213666F400E077E9 /* iOSDC2018Sample.app */,
				6DB56AE021392BAB004A0655 /* iOSDC2018SampleUITests.xctest */,
			);
			name = Products;
			sourceTree = "<group>";
		};
		6DE60E63213666F400E077E9 /* iOSDC2018Sample */ = {
			isa = PBXGroup;
			children = (
				6DE60E70213666F500E077E9 /* Info.plist */,
				6DE60E64213666F400E077E9 /* AppDelegate.swift */,
				6DE60E762136671200E077E9 /* ReferenceType.swift */,
				6DE60E6B213666F500E077E9 /* Assets.xcassets */,
				6DE60E7E2136671300E077E9 /* Storyboards */,
				6DE60E7B2136671300E077E9 /* URLSessionClient */,
				6DE60E772136671300E077E9 /* ViewControllers */,
			);
			path = iOSDC2018Sample;
			sourceTree = "<group>";
		};
		6DE60E772136671300E077E9 /* ViewControllers */ = {
			isa = PBXGroup;
			children = (
				6DD30BD5213A436400016DEC /* ContainerSample */,
				6DD30BD4213A435C00016DEC /* Main */,
			);
			path = ViewControllers;
			sourceTree = "<group>";
		};
		6DE60E7B2136671300E077E9 /* URLSessionClient */ = {
			isa = PBXGroup;
			children = (
				6DE60E7D2136671300E077E9 /* Response.swift */,
				6DE60E7C2136671300E077E9 /* URLSessionClient.swift */,
			);
			path = URLSessionClient;
			sourceTree = "<group>";
		};
		6DE60E7E2136671300E077E9 /* Storyboards */ = {
			isa = PBXGroup;
			children = (
				6DE60E7F2136671300E077E9 /* LaunchScreen.storyboard */,
				6DE60E812136671300E077E9 /* Main.storyboard */,
				6DD30BD6213A439100016DEC /* ContainerSample.storyboard */,
			);
			path = Storyboards;
			sourceTree = "<group>";
		};
/* End PBXGroup section */

/* Begin PBXNativeTarget section */
		6DB56ADF21392BAB004A0655 /* iOSDC2018SampleUITests */ = {
			isa = PBXNativeTarget;
			buildConfigurationList = 6DB56AE921392BAC004A0655 /* Build configuration list for PBXNativeTarget "iOSDC2018SampleUITests" */;
			buildPhases = (
				6DB56ADC21392BAB004A0655 /* Sources */,
				6DB56ADD21392BAB004A0655 /* Frameworks */,
				6DB56ADE21392BAB004A0655 /* Resources */,
			);
			buildRules = (
			);
			dependencies = (
				6DB56AE621392BAC004A0655 /* PBXTargetDependency */,
			);
			name = iOSDC2018SampleUITests;
			productName = iOSDC2018SampleUITests;
			productReference = 6DB56AE021392BAB004A0655 /* iOSDC2018SampleUITests.xctest */;
			productType = "com.apple.product-type.bundle.ui-testing";
		};
		6DE60E60213666F400E077E9 /* iOSDC2018Sample */ = {
			isa = PBXNativeTarget;
			buildConfigurationList = 6DE60E73213666F500E077E9 /* Build configuration list for PBXNativeTarget "iOSDC2018Sample" */;
			buildPhases = (
				6DE60E5D213666F400E077E9 /* Sources */,
				6DE60E5E213666F400E077E9 /* Frameworks */,
				6DE60E5F213666F400E077E9 /* Resources */,
			);
			buildRules = (
			);
			dependencies = (
			);
			name = iOSDC2018Sample;
			productName = iOSDC2018Sample;
			productReference = 6DE60E61213666F400E077E9 /* iOSDC2018Sample.app */;
			productType = "com.apple.product-type.application";
		};
/* End PBXNativeTarget section */

/* Begin PBXProject section */
		6DE60E59213666F400E077E9 /* Project object */ = {
			isa = PBXProject;
			attributes = {
				LastSwiftUpdateCheck = 0940;
				LastUpgradeCheck = 0940;
				ORGANIZATIONNAME = "Yutaro Muta";
				TargetAttributes = {
					6DB56ADF21392BAB004A0655 = {
						CreatedOnToolsVersion = 9.4.1;
						TestTargetID = 6DE60E60213666F400E077E9;
					};
					6DE60E60213666F400E077E9 = {
						CreatedOnToolsVersion = 9.4.1;
					};
				};
			};
			buildConfigurationList = 6DE60E5C213666F400E077E9 /* Build configuration list for PBXProject "iOSDC2018Sample" */;
			compatibilityVersion = "Xcode 9.3";
			developmentRegion = en;
			hasScannedForEncodings = 0;
			knownRegions = (
				en,
				Base,
			);
			mainGroup = 6DE60E58213666F400E077E9;
			productRefGroup = 6DE60E62213666F400E077E9 /* Products */;
			projectDirPath = "";
			projectRoot = "";
			targets = (
				6DE60E60213666F400E077E9 /* iOSDC2018Sample */,
				6DB56ADF21392BAB004A0655 /* iOSDC2018SampleUITests */,
			);
		};
/* End PBXProject section */

/* Begin PBXResourcesBuildPhase section */
		6DB56ADE21392BAB004A0655 /* Resources */ = {
			isa = PBXResourcesBuildPhase;
			buildActionMask = 2147483647;
			files = (
			);
			runOnlyForDeploymentPostprocessing = 0;
		};
		6DE60E5F213666F400E077E9 /* Resources */ = {
			isa = PBXResourcesBuildPhase;
			buildActionMask = 2147483647;
			files = (
				6DE60E8A2136671300E077E9 /* Main.storyboard in Resources */,
				6DE60E892136671300E077E9 /* LaunchScreen.storyboard in Resources */,
				6DD30BD7213A439100016DEC /* ContainerSample.storyboard in Resources */,
				6DE60E6C213666F500E077E9 /* Assets.xcassets in Resources */,
			);
			runOnlyForDeploymentPostprocessing = 0;
		};
/* End PBXResourcesBuildPhase section */

/* Begin PBXSourcesBuildPhase section */
		6DB56ADC21392BAB004A0655 /* Sources */ = {
			isa = PBXSourcesBuildPhase;
			buildActionMask = 2147483647;
			files = (
				6DB56AED21392E3B004A0655 /* UnownedReferenceTests.swift in Sources */,
				6DB56AEB21392C65004A0655 /* WeakReferenceTests.swift in Sources */,
			);
			runOnlyForDeploymentPostprocessing = 0;
		};
		6DE60E5D213666F400E077E9 /* Sources */ = {
			isa = PBXSourcesBuildPhase;
			buildActionMask = 2147483647;
			files = (
				6DE60E882136671300E077E9 /* Response.swift in Sources */,
				6DE60E852136671300E077E9 /* CrashViewController.swift in Sources */,
				6DD30BDB213A442B00016DEC /* ChildViewController.swift in Sources */,
				6DE60E842136671300E077E9 /* StrongViewController.swift in Sources */,
				6DE60E872136671300E077E9 /* URLSessionClient.swift in Sources */,
				6DE60E65213666F400E077E9 /* AppDelegate.swift in Sources */,
				6DD30BD9213A43C400016DEC /* ParentViewController.swift in Sources */,
				6DE60E832136671300E077E9 /* ReferenceType.swift in Sources */,
			);
			runOnlyForDeploymentPostprocessing = 0;
		};
/* End PBXSourcesBuildPhase section */

/* Begin PBXTargetDependency section */
		6DB56AE621392BAC004A0655 /* PBXTargetDependency */ = {
			isa = PBXTargetDependency;
			target = 6DE60E60213666F400E077E9 /* iOSDC2018Sample */;
			targetProxy = 6DB56AE521392BAC004A0655 /* PBXContainerItemProxy */;
		};
/* End PBXTargetDependency section */

/* Begin PBXVariantGroup section */
		6DE60E7F2136671300E077E9 /* LaunchScreen.storyboard */ = {
			isa = PBXVariantGroup;
			children = (
				6DE60E802136671300E077E9 /* Base */,
			);
			name = LaunchScreen.storyboard;
			sourceTree = "<group>";
		};
		6DE60E812136671300E077E9 /* Main.storyboard */ = {
			isa = PBXVariantGroup;
			children = (
				6DE60E822136671300E077E9 /* Base */,
			);
			name = Main.storyboard;
			sourceTree = "<group>";
		};
/* End PBXVariantGroup section */

/* Begin XCBuildConfiguration section */
		6DB56AE721392BAC004A0655 /* Debug */ = {
			isa = XCBuildConfiguration;
			buildSettings = {
				CODE_SIGN_IDENTITY = "iPhone Developer";
				CODE_SIGN_STYLE = Automatic;
				DEVELOPMENT_TEAM = "";
				INFOPLIST_FILE = iOSDC2018SampleUITests/Info.plist;
				LD_RUNPATH_SEARCH_PATHS = (
					"$(inherited)",
					"@executable_path/Frameworks",
					"@loader_path/Frameworks",
				);
				PRODUCT_BUNDLE_IDENTIFIER = com.yutailajng0119.iOSDC2018SampleUITests;
				PRODUCT_NAME = "$(TARGET_NAME)";
				PROVISIONING_PROFILE_SPECIFIER = "";
				SWIFT_VERSION = 4.0;
				TARGETED_DEVICE_FAMILY = "1,2";
				TEST_TARGET_NAME = iOSDC2018Sample;
			};
			name = Debug;
		};
		6DB56AE821392BAC004A0655 /* Release */ = {
			isa = XCBuildConfiguration;
			buildSettings = {
				CODE_SIGN_IDENTITY = "iPhone Developer";
				CODE_SIGN_STYLE = Automatic;
				DEVELOPMENT_TEAM = "";
				INFOPLIST_FILE = iOSDC2018SampleUITests/Info.plist;
				LD_RUNPATH_SEARCH_PATHS = (
					"$(inherited)",
					"@executable_path/Frameworks",
					"@loader_path/Frameworks",
				);
				PRODUCT_BUNDLE_IDENTIFIER = com.yutailajng0119.iOSDC2018SampleUITests;
				PRODUCT_NAME = "$(TARGET_NAME)";
				PROVISIONING_PROFILE_SPECIFIER = "";
				SWIFT_VERSION = 4.0;
				TARGETED_DEVICE_FAMILY = "1,2";
				TEST_TARGET_NAME = iOSDC2018Sample;
			};
			name = Release;
		};
		6DE60E71213666F500E077E9 /* Debug */ = {
			isa = XCBuildConfiguration;
			buildSettings = {
				ALWAYS_SEARCH_USER_PATHS = NO;
				CLANG_ANALYZER_NONNULL = YES;
				CLANG_ANALYZER_NUMBER_OBJECT_CONVERSION = YES_AGGRESSIVE;
				CLANG_CXX_LANGUAGE_STANDARD = "gnu++14";
				CLANG_CXX_LIBRARY = "libc++";
				CLANG_ENABLE_MODULES = YES;
				CLANG_ENABLE_OBJC_ARC = YES;
				CLANG_ENABLE_OBJC_WEAK = YES;
				CLANG_WARN_BLOCK_CAPTURE_AUTORELEASING = YES;
				CLANG_WARN_BOOL_CONVERSION = YES;
				CLANG_WARN_COMMA = YES;
				CLANG_WARN_CONSTANT_CONVERSION = YES;
				CLANG_WARN_DEPRECATED_OBJC_IMPLEMENTATIONS = YES;
				CLANG_WARN_DIRECT_OBJC_ISA_USAGE = YES_ERROR;
				CLANG_WARN_DOCUMENTATION_COMMENTS = YES;
				CLANG_WARN_EMPTY_BODY = YES;
				CLANG_WARN_ENUM_CONVERSION = YES;
				CLANG_WARN_INFINITE_RECURSION = YES;
				CLANG_WARN_INT_CONVERSION = YES;
				CLANG_WARN_NON_LITERAL_NULL_CONVERSION = YES;
				CLANG_WARN_OBJC_IMPLICIT_RETAIN_SELF = YES;
				CLANG_WARN_OBJC_LITERAL_CONVERSION = YES;
				CLANG_WARN_OBJC_ROOT_CLASS = YES_ERROR;
				CLANG_WARN_RANGE_LOOP_ANALYSIS = YES;
				CLANG_WARN_STRICT_PROTOTYPES = YES;
				CLANG_WARN_SUSPICIOUS_MOVE = YES;
				CLANG_WARN_UNGUARDED_AVAILABILITY = YES_AGGRESSIVE;
				CLANG_WARN_UNREACHABLE_CODE = YES;
				CLANG_WARN__DUPLICATE_METHOD_MATCH = YES;
				CODE_SIGN_IDENTITY = "iPhone Developer";
				COPY_PHASE_STRIP = NO;
				DEBUG_INFORMATION_FORMAT = dwarf;
				ENABLE_STRICT_OBJC_MSGSEND = YES;
				ENABLE_TESTABILITY = YES;
				GCC_C_LANGUAGE_STANDARD = gnu11;
				GCC_DYNAMIC_NO_PIC = NO;
				GCC_NO_COMMON_BLOCKS = YES;
				GCC_OPTIMIZATION_LEVEL = 0;
				GCC_PREPROCESSOR_DEFINITIONS = (
					"DEBUG=1",
					"$(inherited)",
				);
				GCC_WARN_64_TO_32_BIT_CONVERSION = YES;
				GCC_WARN_ABOUT_RETURN_TYPE = YES_ERROR;
				GCC_WARN_UNDECLARED_SELECTOR = YES;
				GCC_WARN_UNINITIALIZED_AUTOS = YES_AGGRESSIVE;
				GCC_WARN_UNUSED_FUNCTION = YES;
				GCC_WARN_UNUSED_VARIABLE = YES;
				IPHONEOS_DEPLOYMENT_TARGET = 11.4;
				MTL_ENABLE_DEBUG_INFO = YES;
				ONLY_ACTIVE_ARCH = YES;
				SDKROOT = iphoneos;
				SWIFT_ACTIVE_COMPILATION_CONDITIONS = DEBUG;
				SWIFT_OPTIMIZATION_LEVEL = "-Onone";
			};
			name = Debug;
		};
		6DE60E72213666F500E077E9 /* Release */ = {
			isa = XCBuildConfiguration;
			buildSettings = {
				ALWAYS_SEARCH_USER_PATHS = NO;
				CLANG_ANALYZER_NONNULL = YES;
				CLANG_ANALYZER_NUMBER_OBJECT_CONVERSION = YES_AGGRESSIVE;
				CLANG_CXX_LANGUAGE_STANDARD = "gnu++14";
				CLANG_CXX_LIBRARY = "libc++";
				CLANG_ENABLE_MODULES = YES;
				CLANG_ENABLE_OBJC_ARC = YES;
				CLANG_ENABLE_OBJC_WEAK = YES;
				CLANG_WARN_BLOCK_CAPTURE_AUTORELEASING = YES;
				CLANG_WARN_BOOL_CONVERSION = YES;
				CLANG_WARN_COMMA = YES;
				CLANG_WARN_CONSTANT_CONVERSION = YES;
				CLANG_WARN_DEPRECATED_OBJC_IMPLEMENTATIONS = YES;
				CLANG_WARN_DIRECT_OBJC_ISA_USAGE = YES_ERROR;
				CLANG_WARN_DOCUMENTATION_COMMENTS = YES;
				CLANG_WARN_EMPTY_BODY = YES;
				CLANG_WARN_ENUM_CONVERSION = YES;
				CLANG_WARN_INFINITE_RECURSION = YES;
				CLANG_WARN_INT_CONVERSION = YES;
				CLANG_WARN_NON_LITERAL_NULL_CONVERSION = YES;
				CLANG_WARN_OBJC_IMPLICIT_RETAIN_SELF = YES;
				CLANG_WARN_OBJC_LITERAL_CONVERSION = YES;
				CLANG_WARN_OBJC_ROOT_CLASS = YES_ERROR;
				CLANG_WARN_RANGE_LOOP_ANALYSIS = YES;
				CLANG_WARN_STRICT_PROTOTYPES = YES;
				CLANG_WARN_SUSPICIOUS_MOVE = YES;
				CLANG_WARN_UNGUARDED_AVAILABILITY = YES_AGGRESSIVE;
				CLANG_WARN_UNREACHABLE_CODE = YES;
				CLANG_WARN__DUPLICATE_METHOD_MATCH = YES;
				CODE_SIGN_IDENTITY = "iPhone Developer";
				COPY_PHASE_STRIP = NO;
				DEBUG_INFORMATION_FORMAT = "dwarf-with-dsym";
				ENABLE_NS_ASSERTIONS = NO;
				ENABLE_STRICT_OBJC_MSGSEND = YES;
				GCC_C_LANGUAGE_STANDARD = gnu11;
				GCC_NO_COMMON_BLOCKS = YES;
				GCC_WARN_64_TO_32_BIT_CONVERSION = YES;
				GCC_WARN_ABOUT_RETURN_TYPE = YES_ERROR;
				GCC_WARN_UNDECLARED_SELECTOR = YES;
				GCC_WARN_UNINITIALIZED_AUTOS = YES_AGGRESSIVE;
				GCC_WARN_UNUSED_FUNCTION = YES;
				GCC_WARN_UNUSED_VARIABLE = YES;
				IPHONEOS_DEPLOYMENT_TARGET = 11.4;
				MTL_ENABLE_DEBUG_INFO = NO;
				SDKROOT = iphoneos;
				SWIFT_COMPILATION_MODE = wholemodule;
				SWIFT_OPTIMIZATION_LEVEL = "-O";
				VALIDATE_PRODUCT = YES;
			};
			name = Release;
		};
		6DE60E74213666F500E077E9 /* Debug */ = {
			isa = XCBuildConfiguration;
			buildSettings = {
				ASSETCATALOG_COMPILER_APPICON_NAME = AppIcon;
				CODE_SIGN_STYLE = Automatic;
				INFOPLIST_FILE = iOSDC2018Sample/Info.plist;
				LD_RUNPATH_SEARCH_PATHS = (
					"$(inherited)",
					"@executable_path/Frameworks",
				);
				PRODUCT_BUNDLE_IDENTIFIER = com.yutailajng0119.iOSDC2018Sample;
				PRODUCT_NAME = "$(TARGET_NAME)";
				SWIFT_VERSION = 4.0;
				TARGETED_DEVICE_FAMILY = "1,2";
			};
			name = Debug;
		};
		6DE60E75213666F500E077E9 /* Release */ = {
			isa = XCBuildConfiguration;
			buildSettings = {
				ASSETCATALOG_COMPILER_APPICON_NAME = AppIcon;
				CODE_SIGN_STYLE = Automatic;
				INFOPLIST_FILE = iOSDC2018Sample/Info.plist;
				LD_RUNPATH_SEARCH_PATHS = (
					"$(inherited)",
					"@executable_path/Frameworks",
				);
				PRODUCT_BUNDLE_IDENTIFIER = com.yutailajng0119.iOSDC2018Sample;
				PRODUCT_NAME = "$(TARGET_NAME)";
				SWIFT_VERSION = 4.0;
				TARGETED_DEVICE_FAMILY = "1,2";
			};
			name = Release;
		};
/* End XCBuildConfiguration section */

/* Begin XCConfigurationList section */
		6DB56AE921392BAC004A0655 /* Build configuration list for PBXNativeTarget "iOSDC2018SampleUITests" */ = {
			isa = XCConfigurationList;
			buildConfigurations = (
				6DB56AE721392BAC004A0655 /* Debug */,
				6DB56AE821392BAC004A0655 /* Release */,
			);
			defaultConfigurationIsVisible = 0;
			defaultConfigurationName = Release;
		};
		6DE60E5C213666F400E077E9 /* Build configuration list for PBXProject "iOSDC2018Sample" */ = {
			isa = XCConfigurationList;
			buildConfigurations = (
				6DE60E71213666F500E077E9 /* Debug */,
				6DE60E72213666F500E077E9 /* Release */,
			);
			defaultConfigurationIsVisible = 0;
			defaultConfigurationName = Release;
		};
		6DE60E73213666F500E077E9 /* Build configuration list for PBXNativeTarget "iOSDC2018Sample" */ = {
			isa = XCConfigurationList;
			buildConfigurations = (
				6DE60E74213666F500E077E9 /* Debug */,
				6DE60E75213666F500E077E9 /* Release */,
			);
			defaultConfigurationIsVisible = 0;
			defaultConfigurationName = Release;
		};
/* End XCConfigurationList section */
	};
	rootObject = 6DE60E59213666F400E077E9 /* Project object */;
}
